
Microsoft Visual Studio Solution File, Format Version 12.00
# Visual Studio 15
VisualStudioVersion = 15.0.27130.2010
MinimumVisualStudioVersion = 10.0.40219.1
Project("{FAE04EC0-301F-11D3-BF4B-00C04F79EFBC}") = "AicumenTest.Android", "AicumenTest\AicumenTest.Android\AicumenTest.Android.csproj", "{CAF9EE4F-D20B-436F-9154-E73072C43823}"
EndProject
Project("{FAE04EC0-301F-11D3-BF4B-00C04F79EFBC}") = "AicumenTest.iOS", "AicumenTest\AicumenTest.iOS\AicumenTest.iOS.csproj", "{E7C2DA84-EAB2-4F9B-BA56-8E4A89AF9BD8}"
EndProject
Project("{FAE04EC0-301F-11D3-BF4B-00C04F79EFBC}") = "AicumenTest.UWP", "AicumenTest\AicumenTest.UWP\AicumenTest.UWP.csproj", "{93E46AE8-403E-4E7D-B88B-B961F13616C1}"
EndProject
Project("{FAE04EC0-301F-11D3-BF4B-00C04F79EFBC}") = "AicumenTest", "AicumenTest\AicumenTest\AicumenTest.csproj", "{2625B886-A42D-4773-9287-534C1C601220}"
EndProject
Global
	GlobalSection(SolutionConfigurationPlatforms) = preSolution
		Ad-Hoc|Any CPU = Ad-Hoc|Any CPU
		Ad-Hoc|ARM = Ad-Hoc|ARM
		Ad-Hoc|iPhone = Ad-Hoc|iPhone
		Ad-Hoc|iPhoneSimulator = Ad-Hoc|iPhoneSimulator
		Ad-Hoc|x64 = Ad-Hoc|x64
		Ad-Hoc|x86 = Ad-Hoc|x86
		AppStore|Any CPU = AppStore|Any CPU
		AppStore|ARM = AppStore|ARM
		AppStore|iPhone = AppStore|iPhone
		AppStore|iPhoneSimulator = AppStore|iPhoneSimulator
		AppStore|x64 = AppStore|x64
		AppStore|x86 = AppStore|x86
		Debug|Any CPU = Debug|Any CPU
		Debug|ARM = Debug|ARM
		Debug|iPhone = Debug|iPhone
		Debug|iPhoneSimulator = Debug|iPhoneSimulator
		Debug|x64 = Debug|x64
		Debug|x86 = Debug|x86
		Release|Any CPU = Release|Any CPU
		Release|ARM = Release|ARM
		Release|iPhone = Release|iPhone
		Release|iPhoneSimulator = Release|iPhoneSimulator
		Release|x64 = Release|x64
		Release|x86 = Release|x86
	EndGlobalSection
	GlobalSection(ProjectConfigurationPlatforms) = postSolution
		{CAF9EE4F-D20B-436F-9154-E73072C43823}.Ad-Hoc|Any CPU.ActiveCfg = Release|Any CPU
		{CAF9EE4F-D20B-436F-9154-E73072C43823}.Ad-Hoc|Any CPU.Build.0 = Release|Any CPU
		{CAF9EE4F-D20B-436F-9154-E73072C43823}.Ad-Hoc|Any CPU.Deploy.0 = Release|Any CPU
		{CAF9EE4F-D20B-436F-9154-E73072C43823}.Ad-Hoc|ARM.ActiveCfg = Release|Any CPU
		{CAF9EE4F-D20B-436F-9154-E73072C43823}.Ad-Hoc|ARM.Build.0 = Release|Any CPU
		{CAF9EE4F-D20B-436F-9154-E73072C43823}.Ad-Hoc|ARM.Deploy.0 = Release|Any CPU
		{CAF9EE4F-D20B-436F-9154-E73072C43823}.Ad-Hoc|iPhone.ActiveCfg = Release|Any CPU
		{CAF9EE4F-D20B-436F-9154-E73072C43823}.Ad-Hoc|iPhone.Build.0 = Release|Any CPU
		{CAF9EE4F-D20B-436F-9154-E73072C43823}.Ad-Hoc|iPhone.Deploy.0 = Release|Any CPU
		{CAF9EE4F-D20B-436F-9154-E73072C43823}.Ad-Hoc|iPhoneSimulator.ActiveCfg = Release|Any CPU
		{CAF9EE4F-D20B-436F-9154-E73072C43823}.Ad-Hoc|iPhoneSimulator.Build.0 = Release|Any CPU
		{CAF9EE4F-D20B-436F-9154-E73072C43823}.Ad-Hoc|iPhoneSimulator.Deploy.0 = Release|Any CPU
		{CAF9EE4F-D20B-436F-9154-E73072C43823}.Ad-Hoc|x64.ActiveCfg = Release|Any CPU
		{CAF9EE4F-D20B-436F-9154-E73072C43823}.Ad-Hoc|x64.Build.0 = Release|Any CPU
		{CAF9EE4F-D20B-436F-9154-E73072C43823}.Ad-Hoc|x64.Deploy.0 = Release|Any CPU
		{CAF9EE4F-D20B-436F-9154-E73072C43823}.Ad-Hoc|x86.ActiveCfg = Release|Any CPU
		{CAF9EE4F-D20B-436F-9154-E73072C43823}.Ad-Hoc|x86.Build.0 = Release|Any CPU
		{CAF9EE4F-D20B-436F-9154-E73072C43823}.Ad-Hoc|x86.Deploy.0 = Release|Any CPU
		{CAF9EE4F-D20B-436F-9154-E73072C43823}.AppStore|Any CPU.ActiveCfg = Release|Any CPU
		{CAF9EE4F-D20B-436F-9154-E73072C43823}.AppStore|Any CPU.Build.0 = Release|Any CPU
		{CAF9EE4F-D20B-436F-9154-E73072C43823}.AppStore|Any CPU.Deploy.0 = Release|Any CPU
		{CAF9EE4F-D20B-436F-9154-E73072C43823}.AppStore|ARM.ActiveCfg = Release|Any CPU
		{CAF9EE4F-D20B-436F-9154-E73072C43823}.AppStore|ARM.Build.0 = Release|Any CPU
		{CAF9EE4F-D20B-436F-9154-E73072C43823}.AppStore|ARM.Deploy.0 = Release|Any CPU
		{CAF9EE4F-D20B-436F-9154-E73072C43823}.AppStore|iPhone.ActiveCfg = Release|Any CPU
		{CAF9EE4F-D20B-436F-9154-E73072C43823}.AppStore|iPhone.Build.0 = Release|Any CPU
		{CAF9EE4F-D20B-436F-9154-E73072C43823}.AppStore|iPhone.Deploy.0 = Release|Any CPU
		{CAF9EE4F-D20B-436F-9154-E73072C43823}.AppStore|iPhoneSimulator.ActiveCfg = Release|Any CPU
		{CAF9EE4F-D20B-436F-9154-E73072C43823}.AppStore|iPhoneSimulator.Build.0 = Release|Any CPU
		{CAF9EE4F-D20B-436F-9154-E73072C43823}.AppStore|iPhoneSimulator.Deploy.0 = Release|Any CPU
		{CAF9EE4F-D20B-436F-9154-E73072C43823}.AppStore|x64.ActiveCfg = Release|Any CPU
		{CAF9EE4F-D20B-436F-9154-E73072C43823}.AppStore|x64.Build.0 = Release|Any CPU
		{CAF9EE4F-D20B-436F-9154-E73072C43823}.AppStore|x64.Deploy.0 = Release|Any CPU
		{CAF9EE4F-D20B-436F-9154-E73072C43823}.AppStore|x86.ActiveCfg = Release|Any CPU
		{CAF9EE4F-D20B-436F-9154-E73072C43823}.AppStore|x86.Build.0 = Release|Any CPU
		{CAF9EE4F-D20B-436F-9154-E73072C43823}.AppStore|x86.Deploy.0 = Release|Any CPU
		{CAF9EE4F-D20B-436F-9154-E73072C43823}.Debug|Any CPU.ActiveCfg = Debug|Any CPU
		{CAF9EE4F-D20B-436F-9154-E73072C43823}.Debug|Any CPU.Build.0 = Debug|Any CPU
		{CAF9EE4F-D20B-436F-9154-E73072C43823}.Debug|Any CPU.Deploy.0 = Debug|Any CPU
		{CAF9EE4F-D20B-436F-9154-E73072C43823}.Debug|ARM.ActiveCfg = Debug|Any CPU
		{CAF9EE4F-D20B-436F-9154-E73072C43823}.Debug|ARM.Build.0 = Debug|Any CPU
		{CAF9EE4F-D20B-436F-9154-E73072C43823}.Debug|ARM.Deploy.0 = Debug|Any CPU
		{CAF9EE4F-D20B-436F-9154-E73072C43823}.Debug|iPhone.ActiveCfg = Debug|Any CPU
		{CAF9EE4F-D20B-436F-9154-E73072C43823}.Debug|iPhone.Build.0 = Debug|Any CPU
		{CAF9EE4F-D20B-436F-9154-E73072C43823}.Debug|iPhone.Deploy.0 = Debug|Any CPU
		{CAF9EE4F-D20B-436F-9154-E73072C43823}.Debug|iPhoneSimulator.ActiveCfg = Debug|Any CPU
		{CAF9EE4F-D20B-436F-9154-E73072C43823}.Debug|iPhoneSimulator.Build.0 = Debug|Any CPU
		{CAF9EE4F-D20B-436F-9154-E73072C43823}.Debug|iPhoneSimulator.Deploy.0 = Debug|Any CPU
		{CAF9EE4F-D20B-436F-9154-E73072C43823}.Debug|x64.ActiveCfg = Debug|Any CPU
		{CAF9EE4F-D20B-436F-9154-E73072C43823}.Debug|x64.Build.0 = Debug|Any CPU
		{CAF9EE4F-D20B-436F-9154-E73072C43823}.Debug|x64.Deploy.0 = Debug|Any CPU
		{CAF9EE4F-D20B-436F-9154-E73072C43823}.Debug|x86.ActiveCfg = Debug|Any CPU
		{CAF9EE4F-D20B-436F-9154-E73072C43823}.Debug|x86.Build.0 = Debug|Any CPU
		{CAF9EE4F-D20B-436F-9154-E73072C43823}.Debug|x86.Deploy.0 = Debug|Any CPU
		{CAF9EE4F-D20B-436F-9154-E73072C43823}.Release|Any CPU.ActiveCfg = Release|Any CPU
		{CAF9EE4F-D20B-436F-9154-E73072C43823}.Release|Any CPU.Build.0 = Release|Any CPU
		{CAF9EE4F-D20B-436F-9154-E73072C43823}.Release|Any CPU.Deploy.0 = Release|Any CPU
		{CAF9EE4F-D20B-436F-9154-E73072C43823}.Release|ARM.ActiveCfg = Release|Any CPU
		{CAF9EE4F-D20B-436F-9154-E73072C43823}.Release|ARM.Build.0 = Release|Any CPU
		{CAF9EE4F-D20B-436F-9154-E73072C43823}.Release|ARM.Deploy.0 = Release|Any CPU
		{CAF9EE4F-D20B-436F-9154-E73072C43823}.Release|iPhone.ActiveCfg = Release|Any CPU
		{CAF9EE4F-D20B-436F-9154-E73072C43823}.Release|iPhone.Build.0 = Release|Any CPU
		{CAF9EE4F-D20B-436F-9154-E73072C43823}.Release|iPhone.Deploy.0 = Release|Any CPU
		{CAF9EE4F-D20B-436F-9154-E73072C43823}.Release|iPhoneSimulator.ActiveCfg = Release|Any CPU
		{CAF9EE4F-D20B-436F-9154-E73072C43823}.Release|iPhoneSimulator.Build.0 = Release|Any CPU
		{CAF9EE4F-D20B-436F-9154-E73072C43823}.Release|iPhoneSimulator.Deploy.0 = Release|Any CPU
		{CAF9EE4F-D20B-436F-9154-E73072C43823}.Release|x64.ActiveCfg = Release|Any CPU
		{CAF9EE4F-D20B-436F-9154-E73072C43823}.Release|x64.Build.0 = Release|Any CPU
		{CAF9EE4F-D20B-436F-9154-E73072C43823}.Release|x64.Deploy.0 = Release|Any CPU
		{CAF9EE4F-D20B-436F-9154-E73072C43823}.Release|x86.ActiveCfg = Release|Any CPU
		{CAF9EE4F-D20B-436F-9154-E73072C43823}.Release|x86.Build.0 = Release|Any CPU
		{CAF9EE4F-D20B-436F-9154-E73072C43823}.Release|x86.Deploy.0 = Release|Any CPU
		{E7C2DA84-EAB2-4F9B-BA56-8E4A89AF9BD8}.Ad-Hoc|Any CPU.ActiveCfg = Ad-Hoc|iPhone
		{E7C2DA84-EAB2-4F9B-BA56-8E4A89AF9BD8}.Ad-Hoc|ARM.ActiveCfg = Ad-Hoc|iPhone
		{E7C2DA84-EAB2-4F9B-BA56-8E4A89AF9BD8}.Ad-Hoc|iPhone.ActiveCfg = Ad-Hoc|iPhone
		{E7C2DA84-EAB2-4F9B-BA56-8E4A89AF9BD8}.Ad-Hoc|iPhone.Build.0 = Ad-Hoc|iPhone
		{E7C2DA84-EAB2-4F9B-BA56-8E4A89AF9BD8}.Ad-Hoc|iPhoneSimulator.ActiveCfg = Ad-Hoc|iPhoneSimulator
		{E7C2DA84-EAB2-4F9B-BA56-8E4A89AF9BD8}.Ad-Hoc|iPhoneSimulator.Build.0 = Ad-Hoc|iPhoneSimulator
		{E7C2DA84-EAB2-4F9B-BA56-8E4A89AF9BD8}.Ad-Hoc|x64.ActiveCfg = Ad-Hoc|iPhone
		{E7C2DA84-EAB2-4F9B-BA56-8E4A89AF9BD8}.Ad-Hoc|x86.ActiveCfg = Ad-Hoc|iPhone
		{E7C2DA84-EAB2-4F9B-BA56-8E4A89AF9BD8}.AppStore|Any CPU.ActiveCfg = AppStore|iPhone
		{E7C2DA84-EAB2-4F9B-BA56-8E4A89AF9BD8}.AppStore|ARM.ActiveCfg = AppStore|iPhone
		{E7C2DA84-EAB2-4F9B-BA56-8E4A89AF9BD8}.AppStore|iPhone.ActiveCfg = AppStore|iPhone
		{E7C2DA84-EAB2-4F9B-BA56-8E4A89AF9BD8}.AppStore|iPhone.Build.0 = AppStore|iPhone
		{E7C2DA84-EAB2-4F9B-BA56-8E4A89AF9BD8}.AppStore|iPhoneSimulator.ActiveCfg = AppStore|iPhoneSimulator
		{E7C2DA84-EAB2-4F9B-BA56-8E4A89AF9BD8}.AppStore|iPhoneSimulator.Build.0 = AppStore|iPhoneSimulator
		{E7C2DA84-EAB2-4F9B-BA56-8E4A89AF9BD8}.AppStore|x64.ActiveCfg = AppStore|iPhone
		{E7C2DA84-EAB2-4F9B-BA56-8E4A89AF9BD8}.AppStore|x86.ActiveCfg = AppStore|iPhone
		{E7C2DA84-EAB2-4F9B-BA56-8E4A89AF9BD8}.Debug|Any CPU.ActiveCfg = Debug|iPhone
		{E7C2DA84-EAB2-4F9B-BA56-8E4A89AF9BD8}.Debug|ARM.ActiveCfg = Debug|iPhone
		{E7C2DA84-EAB2-4F9B-BA56-8E4A89AF9BD8}.Debug|iPhone.ActiveCfg = Debug|iPhone
		{E7C2DA84-EAB2-4F9B-BA56-8E4A89AF9BD8}.Debug|iPhone.Build.0 = Debug|iPhone
		{E7C2DA84-EAB2-4F9B-BA56-8E4A89AF9BD8}.Debug|iPhoneSimulator.ActiveCfg = Debug|iPhoneSimulator
		{E7C2DA84-EAB2-4F9B-BA56-8E4A89AF9BD8}.Debug|iPhoneSimulator.Build.0 = Debug|iPhoneSimulator
		{E7C2DA84-EAB2-4F9B-BA56-8E4A89AF9BD8}.Debug|x64.ActiveCfg = Debug|iPhone
		{E7C2DA84-EAB2-4F9B-BA56-8E4A89AF9BD8}.Debug|x86.ActiveCfg = Debug|iPhone
		{E7C2DA84-EAB2-4F9B-BA56-8E4A89AF9BD8}.Release|Any CPU.ActiveCfg = Release|iPhone
		{E7C2DA84-EAB2-4F9B-BA56-8E4A89AF9BD8}.Release|ARM.ActiveCfg = Release|iPhone
		{E7C2DA84-EAB2-4F9B-BA56-8E4A89AF9BD8}.Release|iPhone.ActiveCfg = Release|iPhone
		{E7C2DA84-EAB2-4F9B-BA56-8E4A89AF9BD8}.Release|iPhone.Build.0 = Release|iPhone
		{E7C2DA84-EAB2-4F9B-BA56-8E4A89AF9BD8}.Release|iPhoneSimulator.ActiveCfg = Release|iPhoneSimulator
		{E7C2DA84-EAB2-4F9B-BA56-8E4A89AF9BD8}.Release|iPhoneSimulator.Build.0 = Release|iPhoneSimulator
		{E7C2DA84-EAB2-4F9B-BA56-8E4A89AF9BD8}.Release|x64.ActiveCfg = Release|iPhone
		{E7C2DA84-EAB2-4F9B-BA56-8E4A89AF9BD8}.Release|x86.ActiveCfg = Release|iPhone
		{93E46AE8-403E-4E7D-B88B-B961F13616C1}.Ad-Hoc|Any CPU.ActiveCfg = Release|x86
		{93E46AE8-403E-4E7D-B88B-B961F13616C1}.Ad-Hoc|Any CPU.Build.0 = Release|x86
		{93E46AE8-403E-4E7D-B88B-B961F13616C1}.Ad-Hoc|Any CPU.Deploy.0 = Release|x86
		{93E46AE8-403E-4E7D-B88B-B961F13616C1}.Ad-Hoc|ARM.ActiveCfg = Release|ARM
		{93E46AE8-403E-4E7D-B88B-B961F13616C1}.Ad-Hoc|ARM.Build.0 = Release|ARM
		{93E46AE8-403E-4E7D-B88B-B961F13616C1}.Ad-Hoc|ARM.Deploy.0 = Release|ARM
		{93E46AE8-403E-4E7D-B88B-B961F13616C1}.Ad-Hoc|iPhone.ActiveCfg = Release|x86
		{93E46AE8-403E-4E7D-B88B-B961F13616C1}.Ad-Hoc|iPhone.Build.0 = Release|x86
		{93E46AE8-403E-4E7D-B88B-B961F13616C1}.Ad-Hoc|iPhone.Deploy.0 = Release|x86
		{93E46AE8-403E-4E7D-B88B-B961F13616C1}.Ad-Hoc|iPhoneSimulator.ActiveCfg = Release|x86
		{93E46AE8-403E-4E7D-B88B-B961F13616C1}.Ad-Hoc|iPhoneSimulator.Build.0 = Release|x86
		{93E46AE8-403E-4E7D-B88B-B961F13616C1}.Ad-Hoc|iPhoneSimulator.Deploy.0 = Release|x86
		{93E46AE8-403E-4E7D-B88B-B961F13616C1}.Ad-Hoc|x64.ActiveCfg = Release|x64
		{93E46AE8-403E-4E7D-B88B-B961F13616C1}.Ad-Hoc|x64.Build.0 = Release|x64
		{93E46AE8-403E-4E7D-B88B-B961F13616C1}.Ad-Hoc|x64.Deploy.0 = Release|x64
		{93E46AE8-403E-4E7D-B88B-B961F13616C1}.Ad-Hoc|x86.ActiveCfg = Release|x86
		{93E46AE8-403E-4E7D-B88B-B961F13616C1}.Ad-Hoc|x86.Build.0 = Release|x86
		{93E46AE8-403E-4E7D-B88B-B961F13616C1}.Ad-Hoc|x86.Deploy.0 = Release|x86
		{93E46AE8-403E-4E7D-B88B-B961F13616C1}.AppStore|Any CPU.ActiveCfg = Release|x86
		{93E46AE8-403E-4E7D-B88B-B961F13616C1}.AppStore|Any CPU.Build.0 = Release|x86
		{93E46AE8-403E-4E7D-B88B-B961F13616C1}.AppStore|Any CPU.Deploy.0 = Release|x86
		{93E46AE8-403E-4E7D-B88B-B961F13616C1}.AppStore|ARM.ActiveCfg = Release|ARM
		{93E46AE8-403E-4E7D-B88B-B961F13616C1}.AppStore|ARM.Build.0 = Release|ARM
		{93E46AE8-403E-4E7D-B88B-B961F13616C1}.AppStore|ARM.Deploy.0 = Release|ARM
		{93E46AE8-403E-4E7D-B88B-B961F13616C1}.AppStore|iPhone.ActiveCfg = Release|x86
		{93E46AE8-403E-4E7D-B88B-B961F13616C1}.AppStore|iPhone.Build.0 = Release|x86
		{93E46AE8-403E-4E7D-B88B-B961F13616C1}.AppStore|iPhone.Deploy.0 = Release|x86
		{93E46AE8-403E-4E7D-B88B-B961F13616C1}.AppStore|iPhoneSimulator.ActiveCfg = Release|x86
		{93E46AE8-403E-4E7D-B88B-B961F13616C1}.AppStore|iPhoneSimulator.Build.0 = Release|x86
		{93E46AE8-403E-4E7D-B88B-B961F13616C1}.AppStore|iPhoneSimulator.Deploy.0 = Release|x86
		{93E46AE8-403E-4E7D-B88B-B961F13616C1}.AppStore|x64.ActiveCfg = Release|x64
		{93E46AE8-403E-4E7D-B88B-B961F13616C1}.AppStore|x64.Build.0 = Release|x64
		{93E46AE8-403E-4E7D-B88B-B961F13616C1}.AppStore|x64.Deploy.0 = Release|x64
		{93E46AE8-403E-4E7D-B88B-B961F13616C1}.AppStore|x86.ActiveCfg = Release|x86
		{93E46AE8-403E-4E7D-B88B-B961F13616C1}.AppStore|x86.Build.0 = Release|x86
		{93E46AE8-403E-4E7D-B88B-B961F13616C1}.AppStore|x86.Deploy.0 = Release|x86
		{93E46AE8-403E-4E7D-B88B-B961F13616C1}.Debug|Any CPU.ActiveCfg = Debug|x86
		{93E46AE8-403E-4E7D-B88B-B961F13616C1}.Debug|ARM.ActiveCfg = Debug|ARM
		{93E46AE8-403E-4E7D-B88B-B961F13616C1}.Debug|ARM.Build.0 = Debug|ARM
		{93E46AE8-403E-4E7D-B88B-B961F13616C1}.Debug|ARM.Deploy.0 = Debug|ARM
		{93E46AE8-403E-4E7D-B88B-B961F13616C1}.Debug|iPhone.ActiveCfg = Debug|x86
		{93E46AE8-403E-4E7D-B88B-B961F13616C1}.Debug|iPhoneSimulator.ActiveCfg = Debug|x86
		{93E46AE8-403E-4E7D-B88B-B961F13616C1}.Debug|x64.ActiveCfg = Debug|x64
		{93E46AE8-403E-4E7D-B88B-B961F13616C1}.Debug|x64.Build.0 = Debug|x64
		{93E46AE8-403E-4E7D-B88B-B961F13616C1}.Debug|x64.Deploy.0 = Debug|x64
		{93E46AE8-403E-4E7D-B88B-B961F13616C1}.Debug|x86.ActiveCfg = Debug|x86
		{93E46AE8-403E-4E7D-B88B-B961F13616C1}.Debug|x86.Build.0 = Debug|x86
		{93E46AE8-403E-4E7D-B88B-B961F13616C1}.Debug|x86.Deploy.0 = Debug|x86
		{93E46AE8-403E-4E7D-B88B-B961F13616C1}.Release|Any CPU.ActiveCfg = Release|x86
		{93E46AE8-403E-4E7D-B88B-B961F13616C1}.Release|ARM.ActiveCfg = Release|ARM
		{93E46AE8-403E-4E7D-B88B-B961F13616C1}.Release|ARM.Build.0 = Release|ARM
		{93E46AE8-403E-4E7D-B88B-B961F13616C1}.Release|ARM.Deploy.0 = Release|ARM
		{93E46AE8-403E-4E7D-B88B-B961F13616C1}.Release|iPhone.ActiveCfg = Release|x86
		{93E46AE8-403E-4E7D-B88B-B961F13616C1}.Release|iPhoneSimulator.ActiveCfg = Release|x86
		{93E46AE8-403E-4E7D-B88B-B961F13616C1}.Release|x64.ActiveCfg = Release|x64
		{93E46AE8-403E-4E7D-B88B-B961F13616C1}.Release|x64.Build.0 = Release|x64
		{93E46AE8-403E-4E7D-B88B-B961F13616C1}.Release|x64.Deploy.0 = Release|x64
		{93E46AE8-403E-4E7D-B88B-B961F13616C1}.Release|x86.ActiveCfg = Release|x86
		{93E46AE8-403E-4E7D-B88B-B961F13616C1}.Release|x86.Build.0 = Release|x86
		{93E46AE8-403E-4E7D-B88B-B961F13616C1}.Release|x86.Deploy.0 = Release|x86
		{2625B886-A42D-4773-9287-534C1C601220}.Ad-Hoc|Any CPU.ActiveCfg = Debug|Any CPU
		{2625B886-A42D-4773-9287-534C1C601220}.Ad-Hoc|Any CPU.Build.0 = Debug|Any CPU
		{2625B886-A42D-4773-9287-534C1C601220}.Ad-Hoc|ARM.ActiveCfg = Debug|Any CPU
		{2625B886-A42D-4773-9287-534C1C601220}.Ad-Hoc|ARM.Build.0 = Debug|Any CPU
		{2625B886-A42D-4773-9287-534C1C601220}.Ad-Hoc|iPhone.ActiveCfg = Debug|Any CPU
		{2625B886-A42D-4773-9287-534C1C601220}.Ad-Hoc|iPhone.Build.0 = Debug|Any CPU
		{2625B886-A42D-4773-9287-534C1C601220}.Ad-Hoc|iPhoneSimulator.ActiveCfg = Debug|Any CPU
		{2625B886-A42D-4773-9287-534C1C601220}.Ad-Hoc|iPhoneSimulator.Build.0 = Debug|Any CPU
		{2625B886-A42D-4773-9287-534C1C601220}.Ad-Hoc|x64.ActiveCfg = Debug|Any CPU
		{2625B886-A42D-4773-9287-534C1C601220}.Ad-Hoc|x64.Build.0 = Debug|Any CPU
		{2625B886-A42D-4773-9287-534C1C601220}.Ad-Hoc|x86.ActiveCfg = Debug|Any CPU
		{2625B886-A42D-4773-9287-534C1C601220}.Ad-Hoc|x86.Build.0 = Debug|Any CPU
		{2625B886-A42D-4773-9287-534C1C601220}.AppStore|Any CPU.ActiveCfg = Debug|Any CPU
		{2625B886-A42D-4773-9287-534C1C601220}.AppStore|Any CPU.Build.0 = Debug|Any CPU
		{2625B886-A42D-4773-9287-534C1C601220}.AppStore|ARM.ActiveCfg = Debug|Any CPU
		{2625B886-A42D-4773-9287-534C1C601220}.AppStore|ARM.Build.0 = Debug|Any CPU
		{2625B886-A42D-4773-9287-534C1C601220}.AppStore|iPhone.ActiveCfg = Debug|Any CPU
		{2625B886-A42D-4773-9287-534C1C601220}.AppStore|iPhone.Build.0 = Debug|Any CPU
		{2625B886-A42D-4773-9287-534C1C601220}.AppStore|iPhoneSimulator.ActiveCfg = Debug|Any CPU
		{2625B886-A42D-4773-9287-534C1C601220}.AppStore|iPhoneSimulator.Build.0 = Debug|Any CPU
		{2625B886-A42D-4773-9287-534C1C601220}.AppStore|x64.ActiveCfg = Debug|Any CPU
		{2625B886-A42D-4773-9287-534C1C601220}.AppStore|x64.Build.0 = Debug|Any CPU
		{2625B886-A42D-4773-9287-534C1C601220}.AppStore|x86.ActiveCfg = Debug|Any CPU
		{2625B886-A42D-4773-9287-534C1C601220}.AppStore|x86.Build.0 = Debug|Any CPU
		{2625B886-A42D-4773-9287-534C1C601220}.Debug|Any CPU.ActiveCfg = Debug|Any CPU
		{2625B886-A42D-4773-9287-534C1C601220}.Debug|Any CPU.Build.0 = Debug|Any CPU
		{2625B886-A42D-4773-9287-534C1C601220}.Debug|ARM.ActiveCfg = Debug|Any CPU
		{2625B886-A42D-4773-9287-534C1C601220}.Debug|ARM.Build.0 = Debug|Any CPU
		{2625B886-A42D-4773-9287-534C1C601220}.Debug|iPhone.ActiveCfg = Debug|Any CPU
		{2625B886-A42D-4773-9287-534C1C601220}.Debug|iPhone.Build.0 = Debug|Any CPU
		{2625B886-A42D-4773-9287-534C1C601220}.Debug|iPhoneSimulator.ActiveCfg = Debug|Any CPU
		{2625B886-A42D-4773-9287-534C1C601220}.Debug|iPhoneSimulator.Build.0 = Debug|Any CPU
		{2625B886-A42D-4773-9287-534C1C601220}.Debug|x64.ActiveCfg = Debug|Any CPU
		{2625B886-A42D-4773-9287-534C1C601220}.Debug|x64.Build.0 = Debug|Any CPU
		{2625B886-A42D-4773-9287-534C1C601220}.Debug|x86.ActiveCfg = Debug|Any CPU
		{2625B886-A42D-4773-9287-534C1C601220}.Debug|x86.Build.0 = Debug|Any CPU
		{2625B886-A42D-4773-9287-534C1C601220}.Release|Any CPU.ActiveCfg = Release|Any CPU
		{2625B886-A42D-4773-9287-534C1C601220}.Release|Any CPU.Build.0 = Release|Any CPU
		{2625B886-A42D-4773-9287-534C1C601220}.Release|ARM.ActiveCfg = Release|Any CPU
		{2625B886-A42D-4773-9287-534C1C601220}.Release|ARM.Build.0 = Release|Any CPU
		{2625B886-A42D-4773-9287-534C1C601220}.Release|iPhone.ActiveCfg = Release|Any CPU
		{2625B886-A42D-4773-9287-534C1C601220}.Release|iPhone.Build.0 = Release|Any CPU
		{2625B886-A42D-4773-9287-534C1C601220}.Release|iPhoneSimulator.ActiveCfg = Release|Any CPU
		{2625B886-A42D-4773-9287-534C1C601220}.Release|iPhoneSimulator.Build.0 = Release|Any CPU
		{2625B886-A42D-4773-9287-534C1C601220}.Release|x64.ActiveCfg = Release|Any CPU
		{2625B886-A42D-4773-9287-534C1C601220}.Release|x64.Build.0 = Release|Any CPU
		{2625B886-A42D-4773-9287-534C1C601220}.Release|x86.ActiveCfg = Release|Any CPU
		{2625B886-A42D-4773-9287-534C1C601220}.Release|x86.Build.0 = Release|Any CPU
	EndGlobalSection
	GlobalSection(SolutionProperties) = preSolution
		HideSolutionNode = FALSE
	EndGlobalSection
	GlobalSection(ExtensibilityGlobals) = postSolution
		SolutionGuid = {2D67BFDE-2634-4149-A5F1-E3FDD1864001}
	EndGlobalSection
EndGlobal
